
Microsoft Visual Studio Solution File, Format Version 12.00
# Visual Studio 15
VisualStudioVersion = 15.0.26430.15
MinimumVisualStudioVersion = 10.0.40219.1
Project("{FAE04EC0-301F-11D3-BF4B-00C04F79EFBC}") = "AdamsImages", "AdamsImages\AdamsImages.csproj", "{51541196-421F-48C8-BFA2-344C25149CCF}"
EndProject
Project("{E53339B2-1760-4266-BCC7-CA923CBCF16C}") = "docker-compose", "docker-compose.dcproj", "{D056252C-81BC-4CDA-A8EA-20BD5569544F}"
EndProject
Global
	GlobalSection(SolutionConfigurationPlatforms) = preSolution
		Debug|Any CPU = Debug|Any CPU
		Release|Any CPU = Release|Any CPU
	EndGlobalSection
	GlobalSection(ProjectConfigurationPlatforms) = postSolution
		{51541196-421F-48C8-BFA2-344C25149CCF}.Debug|Any CPU.ActiveCfg = Debug|Any CPU
		{51541196-421F-48C8-BFA2-344C25149CCF}.Debug|Any CPU.Build.0 = Debug|Any CPU
		{51541196-421F-48C8-BFA2-344C25149CCF}.Release|Any CPU.ActiveCfg = Release|Any CPU
		{51541196-421F-48C8-BFA2-344C25149CCF}.Release|Any CPU.Build.0 = Release|Any CPU
		{D056252C-81BC-4CDA-A8EA-20BD5569544F}.Debug|Any CPU.ActiveCfg = Debug|Any CPU
		{D056252C-81BC-4CDA-A8EA-20BD5569544F}.Debug|Any CPU.Build.0 = Debug|Any CPU
		{D056252C-81BC-4CDA-A8EA-20BD5569544F}.Release|Any CPU.ActiveCfg = Release|Any CPU
		{D056252C-81BC-4CDA-A8EA-20BD5569544F}.Release|Any CPU.Build.0 = Release|Any CPU
	EndGlobalSection
	GlobalSection(SolutionProperties) = preSolution
		HideSolutionNode = FALSE
	EndGlobalSection
EndGlobal
